// !$*UTF8*$!
{
	archiveVersion = 1;
	classes = {
	};
	objectVersion = 46;
	objects = {

/* Begin PBXBuildFile section */
		43D03C4319461AB700B48F94 /* BIFilesTableViewController.m in Sources */ = {isa = PBXBuildFile; fileRef = 43D03C4219461AB700B48F94 /* BIFilesTableViewController.m */; };
		43D03C4719461C6300B48F94 /* BIFilesTableViewCell.m in Sources */ = {isa = PBXBuildFile; fileRef = 43D03C4619461C6300B48F94 /* BIFilesTableViewCell.m */; };
		43D03C4E1946210300B48F94 /* BIFileContentViewController.m in Sources */ = {isa = PBXBuildFile; fileRef = 43D03C4D1946210300B48F94 /* BIFileContentViewController.m */; };
		43D03C511946211A00B48F94 /* BIFileContentView.m in Sources */ = {isa = PBXBuildFile; fileRef = 43D03C501946211A00B48F94 /* BIFileContentView.m */; };
		43D03C5B194628D600B48F94 /* NSBundle+FullPath.m in Sources */ = {isa = PBXBuildFile; fileRef = 43D03C5A194628D600B48F94 /* NSBundle+FullPath.m */; };
		43D03C5F19463CFE00B48F94 /* NSString+CSSFile.m in Sources */ = {isa = PBXBuildFile; fileRef = 43D03C5E19463CFE00B48F94 /* NSString+CSSFile.m */; };
		43D03C631946403000B48F94 /* NSArray+Search.m in Sources */ = {isa = PBXBuildFile; fileRef = 43D03C621946403000B48F94 /* NSArray+Search.m */; };
		43D03C6719464B6800B48F94 /* EPubs in Resources */ = {isa = PBXBuildFile; fileRef = 43D03C6619464B6800B48F94 /* EPubs */; };
		655CF2951945997100505FFA /* Foundation.framework in Frameworks */ = {isa = PBXBuildFile; fileRef = 655CF2941945997100505FFA /* Foundation.framework */; };
		655CF2971945997100505FFA /* CoreGraphics.framework in Frameworks */ = {isa = PBXBuildFile; fileRef = 655CF2961945997100505FFA /* CoreGraphics.framework */; };
		655CF2991945997100505FFA /* UIKit.framework in Frameworks */ = {isa = PBXBuildFile; fileRef = 655CF2981945997100505FFA /* UIKit.framework */; };
		655CF29F1945997100505FFA /* InfoPlist.strings in Resources */ = {isa = PBXBuildFile; fileRef = 655CF29D1945997100505FFA /* InfoPlist.strings */; };
		655CF2A11945997100505FFA /* main.m in Sources */ = {isa = PBXBuildFile; fileRef = 655CF2A01945997100505FFA /* main.m */; };
		655CF2A51945997100505FFA /* BIAppDelegate.m in Sources */ = {isa = PBXBuildFile; fileRef = 655CF2A41945997100505FFA /* BIAppDelegate.m */; };
		655CF2AD1945997100505FFA /* Images.xcassets in Resources */ = {isa = PBXBuildFile; fileRef = 655CF2AC1945997100505FFA /* Images.xcassets */; };
		655CF2B41945997100505FFA /* XCTest.framework in Frameworks */ = {isa = PBXBuildFile; fileRef = 655CF2B31945997100505FFA /* XCTest.framework */; };
		655CF2B51945997100505FFA /* Foundation.framework in Frameworks */ = {isa = PBXBuildFile; fileRef = 655CF2941945997100505FFA /* Foundation.framework */; };
		655CF2B61945997100505FFA /* UIKit.framework in Frameworks */ = {isa = PBXBuildFile; fileRef = 655CF2981945997100505FFA /* UIKit.framework */; };
		655CF2BE1945997100505FFA /* InfoPlist.strings in Resources */ = {isa = PBXBuildFile; fileRef = 655CF2BC1945997100505FFA /* InfoPlist.strings */; };
		655CF2C01945997100505FFA /* BIEPubFontTests.m in Sources */ = {isa = PBXBuildFile; fileRef = 655CF2BF1945997100505FFA /* BIEPubFontTests.m */; };
		655CF30519459C9900505FFA /* ioapi.c in Sources */ = {isa = PBXBuildFile; fileRef = 655CF2D619459C9900505FFA /* ioapi.c */; };
		655CF30619459C9900505FFA /* unzip.c in Sources */ = {isa = PBXBuildFile; fileRef = 655CF2D819459C9900505FFA /* unzip.c */; };
		655CF30719459C9900505FFA /* zip.c in Sources */ = {isa = PBXBuildFile; fileRef = 655CF2DA19459C9900505FFA /* zip.c */; };
		655CF30819459C9900505FFA /* NSError+ObjectiveZip.m in Sources */ = {isa = PBXBuildFile; fileRef = 655CF2DE19459C9900505FFA /* NSError+ObjectiveZip.m */; };
		655CF30919459C9900505FFA /* OZConstants.m in Sources */ = {isa = PBXBuildFile; fileRef = 655CF2E019459C9900505FFA /* OZConstants.m */; };
		655CF30A19459C9900505FFA /* OZFileInZipInfo.m in Sources */ = {isa = PBXBuildFile; fileRef = 655CF2E219459C9900505FFA /* OZFileInZipInfo.m */; };
		655CF30B19459C9900505FFA /* OZZipFile.m in Sources */ = {isa = PBXBuildFile; fileRef = 655CF2E519459C9900505FFA /* OZZipFile.m */; };
		655CF30C19459C9900505FFA /* OZZipReadStream.m in Sources */ = {isa = PBXBuildFile; fileRef = 655CF2E719459C9900505FFA /* OZZipReadStream.m */; };
		655CF30D19459C9900505FFA /* OZZipWriteStream.m in Sources */ = {isa = PBXBuildFile; fileRef = 655CF2E919459C9900505FFA /* OZZipWriteStream.m */; };
		655CF30E19459C9900505FFA /* adler32.c in Sources */ = {isa = PBXBuildFile; fileRef = 655CF2EB19459C9900505FFA /* adler32.c */; };
		655CF30F19459C9900505FFA /* compress.c in Sources */ = {isa = PBXBuildFile; fileRef = 655CF2EC19459C9900505FFA /* compress.c */; };
		655CF31019459C9900505FFA /* crc32.c in Sources */ = {isa = PBXBuildFile; fileRef = 655CF2ED19459C9900505FFA /* crc32.c */; };
		655CF31119459C9900505FFA /* deflate.c in Sources */ = {isa = PBXBuildFile; fileRef = 655CF2EF19459C9900505FFA /* deflate.c */; };
		655CF31219459C9900505FFA /* gzclose.c in Sources */ = {isa = PBXBuildFile; fileRef = 655CF2F119459C9900505FFA /* gzclose.c */; };
		655CF31319459C9900505FFA /* gzlib.c in Sources */ = {isa = PBXBuildFile; fileRef = 655CF2F319459C9900505FFA /* gzlib.c */; };
		655CF31419459C9900505FFA /* gzread.c in Sources */ = {isa = PBXBuildFile; fileRef = 655CF2F419459C9900505FFA /* gzread.c */; };
		655CF31519459C9900505FFA /* gzwrite.c in Sources */ = {isa = PBXBuildFile; fileRef = 655CF2F519459C9900505FFA /* gzwrite.c */; };
		655CF31619459C9900505FFA /* infback.c in Sources */ = {isa = PBXBuildFile; fileRef = 655CF2F619459C9900505FFA /* infback.c */; };
		655CF31719459C9900505FFA /* inffast.c in Sources */ = {isa = PBXBuildFile; fileRef = 655CF2F719459C9900505FFA /* inffast.c */; };
		655CF31819459C9900505FFA /* inflate.c in Sources */ = {isa = PBXBuildFile; fileRef = 655CF2FA19459C9900505FFA /* inflate.c */; };
		655CF31919459C9900505FFA /* inftrees.c in Sources */ = {isa = PBXBuildFile; fileRef = 655CF2FC19459C9900505FFA /* inftrees.c */; };
		655CF31A19459C9900505FFA /* trees.c in Sources */ = {isa = PBXBuildFile; fileRef = 655CF2FE19459C9900505FFA /* trees.c */; };
		655CF31B19459C9900505FFA /* uncompr.c in Sources */ = {isa = PBXBuildFile; fileRef = 655CF30019459C9900505FFA /* uncompr.c */; };
		655CF31C19459C9900505FFA /* zutil.c in Sources */ = {isa = PBXBuildFile; fileRef = 655CF30319459C9900505FFA /* zutil.c */; };
		655CF3261945A24C00505FFA /* BIEPubFile.m in Sources */ = {isa = PBXBuildFile; fileRef = 655CF3251945A24C00505FFA /* BIEPubFile.m */; };
		655CF3291945A57C00505FFA /* BIFontSupportFile.m in Sources */ = {isa = PBXBuildFile; fileRef = 655CF3281945A57C00505FFA /* BIFontSupportFile.m */; };
		655CF32C1945AD1400505FFA /* BICSSFile.m in Sources */ = {isa = PBXBuildFile; fileRef = 655CF32B1945AD1400505FFA /* BICSSFile.m */; };
		655CF32F1945AE2B00505FFA /* BIFileHelpers.m in Sources */ = {isa = PBXBuildFile; fileRef = 655CF32E1945AE2B00505FFA /* BIFileHelpers.m */; };
/* End PBXBuildFile section */

/* Begin PBXContainerItemProxy section */
		655CF2B71945997100505FFA /* PBXContainerItemProxy */ = {
			isa = PBXContainerItemProxy;
			containerPortal = 655CF2891945997100505FFA /* Project object */;
			proxyType = 1;
			remoteGlobalIDString = 655CF2901945997100505FFA;
			remoteInfo = BIEPubFont;
		};
/* End PBXContainerItemProxy section */

/* Begin PBXFileReference section */
		43D03C4119461AB700B48F94 /* BIFilesTableViewController.h */ = {isa = PBXFileReference; fileEncoding = 4; lastKnownFileType = sourcecode.c.h; name = BIFilesTableViewController.h; path = Classes/GUI/Files/ViewController/BIFilesTableViewController.h; sourceTree = "<group>"; };
		43D03C4219461AB700B48F94 /* BIFilesTableViewController.m */ = {isa = PBXFileReference; fileEncoding = 4; lastKnownFileType = sourcecode.c.objc; name = BIFilesTableViewController.m; path = Classes/GUI/Files/ViewController/BIFilesTableViewController.m; sourceTree = "<group>"; };
		43D03C4519461C6300B48F94 /* BIFilesTableViewCell.h */ = {isa = PBXFileReference; fileEncoding = 4; lastKnownFileType = sourcecode.c.h; name = BIFilesTableViewCell.h; path = Classes/GUI/Files/Cell/BIFilesTableViewCell.h; sourceTree = "<group>"; };
		43D03C4619461C6300B48F94 /* BIFilesTableViewCell.m */ = {isa = PBXFileReference; fileEncoding = 4; lastKnownFileType = sourcecode.c.objc; name = BIFilesTableViewCell.m; path = Classes/GUI/Files/Cell/BIFilesTableViewCell.m; sourceTree = "<group>"; };
		43D03C4C1946210300B48F94 /* BIFileContentViewController.h */ = {isa = PBXFileReference; fileEncoding = 4; lastKnownFileType = sourcecode.c.h; name = BIFileContentViewController.h; path = Classes/GUI/FileContent/ViewController/BIFileContentViewController.h; sourceTree = "<group>"; };
		43D03C4D1946210300B48F94 /* BIFileContentViewController.m */ = {isa = PBXFileReference; fileEncoding = 4; lastKnownFileType = sourcecode.c.objc; name = BIFileContentViewController.m; path = Classes/GUI/FileContent/ViewController/BIFileContentViewController.m; sourceTree = "<group>"; };
		43D03C4F1946211A00B48F94 /* BIFileContentView.h */ = {isa = PBXFileReference; fileEncoding = 4; lastKnownFileType = sourcecode.c.h; name = BIFileContentView.h; path = Classes/GUI/FileContent/View/BIFileContentView.h; sourceTree = "<group>"; };
		43D03C501946211A00B48F94 /* BIFileContentView.m */ = {isa = PBXFileReference; fileEncoding = 4; lastKnownFileType = sourcecode.c.objc; name = BIFileContentView.m; path = Classes/GUI/FileContent/View/BIFileContentView.m; sourceTree = "<group>"; };
		43D03C59194628D600B48F94 /* NSBundle+FullPath.h */ = {isa = PBXFileReference; fileEncoding = 4; lastKnownFileType = sourcecode.c.h; name = "NSBundle+FullPath.h"; path = "Classes/Helpers/Categories/NSBundle/NSBundle+FullPath.h"; sourceTree = "<group>"; };
		43D03C5A194628D600B48F94 /* NSBundle+FullPath.m */ = {isa = PBXFileReference; fileEncoding = 4; lastKnownFileType = sourcecode.c.objc; name = "NSBundle+FullPath.m"; path = "Classes/Helpers/Categories/NSBundle/NSBundle+FullPath.m"; sourceTree = "<group>"; };
		43D03C5D19463CFE00B48F94 /* NSString+CSSFile.h */ = {isa = PBXFileReference; fileEncoding = 4; lastKnownFileType = sourcecode.c.h; name = "NSString+CSSFile.h"; path = "Classes/Helpers/Categories/NSString/NSString+CSSFile.h"; sourceTree = "<group>"; };
		43D03C5E19463CFE00B48F94 /* NSString+CSSFile.m */ = {isa = PBXFileReference; fileEncoding = 4; lastKnownFileType = sourcecode.c.objc; name = "NSString+CSSFile.m"; path = "Classes/Helpers/Categories/NSString/NSString+CSSFile.m"; sourceTree = "<group>"; };
		43D03C611946403000B48F94 /* NSArray+Search.h */ = {isa = PBXFileReference; fileEncoding = 4; lastKnownFileType = sourcecode.c.h; name = "NSArray+Search.h"; path = "Classes/Helpers/Categories/NSArray/NSArray+Search.h"; sourceTree = "<group>"; };
		43D03C621946403000B48F94 /* NSArray+Search.m */ = {isa = PBXFileReference; fileEncoding = 4; lastKnownFileType = sourcecode.c.objc; name = "NSArray+Search.m"; path = "Classes/Helpers/Categories/NSArray/NSArray+Search.m"; sourceTree = "<group>"; };
		43D03C6619464B6800B48F94 /* EPubs */ = {isa = PBXFileReference; lastKnownFileType = folder; name = EPubs; path = Resources/EPubs; sourceTree = "<group>"; };
		655CF2911945997100505FFA /* BIEPubFont.app */ = {isa = PBXFileReference; explicitFileType = wrapper.application; includeInIndex = 0; path = BIEPubFont.app; sourceTree = BUILT_PRODUCTS_DIR; };
		655CF2941945997100505FFA /* Foundation.framework */ = {isa = PBXFileReference; lastKnownFileType = wrapper.framework; name = Foundation.framework; path = System/Library/Frameworks/Foundation.framework; sourceTree = SDKROOT; };
		655CF2961945997100505FFA /* CoreGraphics.framework */ = {isa = PBXFileReference; lastKnownFileType = wrapper.framework; name = CoreGraphics.framework; path = System/Library/Frameworks/CoreGraphics.framework; sourceTree = SDKROOT; };
		655CF2981945997100505FFA /* UIKit.framework */ = {isa = PBXFileReference; lastKnownFileType = wrapper.framework; name = UIKit.framework; path = System/Library/Frameworks/UIKit.framework; sourceTree = SDKROOT; };
		655CF29C1945997100505FFA /* BIEPubFont-Info.plist */ = {isa = PBXFileReference; lastKnownFileType = text.plist.xml; name = "BIEPubFont-Info.plist"; path = "SupportingFiles/BIEPubFont-Info.plist"; sourceTree = "<group>"; };
		655CF29E1945997100505FFA /* en */ = {isa = PBXFileReference; lastKnownFileType = text.plist.strings; name = en; path = en.lproj/InfoPlist.strings; sourceTree = "<group>"; };
		655CF2A01945997100505FFA /* main.m */ = {isa = PBXFileReference; lastKnownFileType = sourcecode.c.objc; name = main.m; path = SupportingFiles/main.m; sourceTree = "<group>"; };
		655CF2A21945997100505FFA /* BIEPubFont-Prefix.pch */ = {isa = PBXFileReference; lastKnownFileType = sourcecode.c.h; name = "BIEPubFont-Prefix.pch"; path = "SupportingFiles/BIEPubFont-Prefix.pch"; sourceTree = "<group>"; };
		655CF2A31945997100505FFA /* BIAppDelegate.h */ = {isa = PBXFileReference; lastKnownFileType = sourcecode.c.h; name = BIAppDelegate.h; path = Classes/BIAppDelegate.h; sourceTree = "<group>"; };
		655CF2A41945997100505FFA /* BIAppDelegate.m */ = {isa = PBXFileReference; lastKnownFileType = sourcecode.c.objc; name = BIAppDelegate.m; path = Classes/BIAppDelegate.m; sourceTree = "<group>"; };
		655CF2AC1945997100505FFA /* Images.xcassets */ = {isa = PBXFileReference; lastKnownFileType = folder.assetcatalog; name = Images.xcassets; path = Resources/Images/Images.xcassets; sourceTree = "<group>"; };
		655CF2B21945997100505FFA /* BIEPubFontTests.xctest */ = {isa = PBXFileReference; explicitFileType = wrapper.cfbundle; includeInIndex = 0; path = BIEPubFontTests.xctest; sourceTree = BUILT_PRODUCTS_DIR; };
		655CF2B31945997100505FFA /* XCTest.framework */ = {isa = PBXFileReference; lastKnownFileType = wrapper.framework; name = XCTest.framework; path = Library/Frameworks/XCTest.framework; sourceTree = DEVELOPER_DIR; };
		655CF2BB1945997100505FFA /* BIEPubFontTests-Info.plist */ = {isa = PBXFileReference; lastKnownFileType = text.plist.xml; path = "BIEPubFontTests-Info.plist"; sourceTree = "<group>"; };
		655CF2BD1945997100505FFA /* en */ = {isa = PBXFileReference; lastKnownFileType = text.plist.strings; name = en; path = en.lproj/InfoPlist.strings; sourceTree = "<group>"; };
		655CF2BF1945997100505FFA /* BIEPubFontTests.m */ = {isa = PBXFileReference; lastKnownFileType = sourcecode.c.objc; path = BIEPubFontTests.m; sourceTree = "<group>"; };
		655CF2D519459C9900505FFA /* crypt.h */ = {isa = PBXFileReference; fileEncoding = 4; lastKnownFileType = sourcecode.c.h; path = crypt.h; sourceTree = "<group>"; };
		655CF2D619459C9900505FFA /* ioapi.c */ = {isa = PBXFileReference; fileEncoding = 4; lastKnownFileType = sourcecode.c.c; path = ioapi.c; sourceTree = "<group>"; };
		655CF2D719459C9900505FFA /* ioapi.h */ = {isa = PBXFileReference; fileEncoding = 4; lastKnownFileType = sourcecode.c.h; path = ioapi.h; sourceTree = "<group>"; };
		655CF2D819459C9900505FFA /* unzip.c */ = {isa = PBXFileReference; fileEncoding = 4; lastKnownFileType = sourcecode.c.c; path = unzip.c; sourceTree = "<group>"; };
		655CF2D919459C9900505FFA /* unzip.h */ = {isa = PBXFileReference; fileEncoding = 4; lastKnownFileType = sourcecode.c.h; path = unzip.h; sourceTree = "<group>"; };
		655CF2DA19459C9900505FFA /* zip.c */ = {isa = PBXFileReference; fileEncoding = 4; lastKnownFileType = sourcecode.c.c; path = zip.c; sourceTree = "<group>"; };
		655CF2DB19459C9900505FFA /* zip.h */ = {isa = PBXFileReference; fileEncoding = 4; lastKnownFileType = sourcecode.c.h; path = zip.h; sourceTree = "<group>"; };
		655CF2DD19459C9900505FFA /* NSError+ObjectiveZip.h */ = {isa = PBXFileReference; fileEncoding = 4; lastKnownFileType = sourcecode.c.h; path = "NSError+ObjectiveZip.h"; sourceTree = "<group>"; };
		655CF2DE19459C9900505FFA /* NSError+ObjectiveZip.m */ = {isa = PBXFileReference; fileEncoding = 4; lastKnownFileType = sourcecode.c.objc; path = "NSError+ObjectiveZip.m"; sourceTree = "<group>"; };
		655CF2DF19459C9900505FFA /* OZConstants.h */ = {isa = PBXFileReference; fileEncoding = 4; lastKnownFileType = sourcecode.c.h; path = OZConstants.h; sourceTree = "<group>"; };
		655CF2E019459C9900505FFA /* OZConstants.m */ = {isa = PBXFileReference; fileEncoding = 4; lastKnownFileType = sourcecode.c.objc; path = OZConstants.m; sourceTree = "<group>"; };
		655CF2E119459C9900505FFA /* OZFileInZipInfo.h */ = {isa = PBXFileReference; fileEncoding = 4; lastKnownFileType = sourcecode.c.h; path = OZFileInZipInfo.h; sourceTree = "<group>"; };
		655CF2E219459C9900505FFA /* OZFileInZipInfo.m */ = {isa = PBXFileReference; fileEncoding = 4; lastKnownFileType = sourcecode.c.objc; path = OZFileInZipInfo.m; sourceTree = "<group>"; };
		655CF2E319459C9900505FFA /* OZLib.h */ = {isa = PBXFileReference; fileEncoding = 4; lastKnownFileType = sourcecode.c.h; path = OZLib.h; sourceTree = "<group>"; };
		655CF2E419459C9900505FFA /* OZZipFile.h */ = {isa = PBXFileReference; fileEncoding = 4; lastKnownFileType = sourcecode.c.h; path = OZZipFile.h; sourceTree = "<group>"; };
		655CF2E519459C9900505FFA /* OZZipFile.m */ = {isa = PBXFileReference; fileEncoding = 4; lastKnownFileType = sourcecode.c.objc; path = OZZipFile.m; sourceTree = "<group>"; };
		655CF2E619459C9900505FFA /* OZZipReadStream.h */ = {isa = PBXFileReference; fileEncoding = 4; lastKnownFileType = sourcecode.c.h; path = OZZipReadStream.h; sourceTree = "<group>"; };
		655CF2E719459C9900505FFA /* OZZipReadStream.m */ = {isa = PBXFileReference; fileEncoding = 4; lastKnownFileType = sourcecode.c.objc; path = OZZipReadStream.m; sourceTree = "<group>"; };
		655CF2E819459C9900505FFA /* OZZipWriteStream.h */ = {isa = PBXFileReference; fileEncoding = 4; lastKnownFileType = sourcecode.c.h; path = OZZipWriteStream.h; sourceTree = "<group>"; };
		655CF2E919459C9900505FFA /* OZZipWriteStream.m */ = {isa = PBXFileReference; fileEncoding = 4; lastKnownFileType = sourcecode.c.objc; path = OZZipWriteStream.m; sourceTree = "<group>"; };
		655CF2EB19459C9900505FFA /* adler32.c */ = {isa = PBXFileReference; fileEncoding = 4; lastKnownFileType = sourcecode.c.c; path = adler32.c; sourceTree = "<group>"; };
		655CF2EC19459C9900505FFA /* compress.c */ = {isa = PBXFileReference; fileEncoding = 4; lastKnownFileType = sourcecode.c.c; path = compress.c; sourceTree = "<group>"; };
		655CF2ED19459C9900505FFA /* crc32.c */ = {isa = PBXFileReference; fileEncoding = 4; lastKnownFileType = sourcecode.c.c; path = crc32.c; sourceTree = "<group>"; };
		655CF2EE19459C9900505FFA /* crc32.h */ = {isa = PBXFileReference; fileEncoding = 4; lastKnownFileType = sourcecode.c.h; path = crc32.h; sourceTree = "<group>"; };
		655CF2EF19459C9900505FFA /* deflate.c */ = {isa = PBXFileReference; fileEncoding = 4; lastKnownFileType = sourcecode.c.c; path = deflate.c; sourceTree = "<group>"; };
		655CF2F019459C9900505FFA /* deflate.h */ = {isa = PBXFileReference; fileEncoding = 4; lastKnownFileType = sourcecode.c.h; path = deflate.h; sourceTree = "<group>"; };
		655CF2F119459C9900505FFA /* gzclose.c */ = {isa = PBXFileReference; fileEncoding = 4; lastKnownFileType = sourcecode.c.c; path = gzclose.c; sourceTree = "<group>"; };
		655CF2F219459C9900505FFA /* gzguts.h */ = {isa = PBXFileReference; fileEncoding = 4; lastKnownFileType = sourcecode.c.h; path = gzguts.h; sourceTree = "<group>"; };
		655CF2F319459C9900505FFA /* gzlib.c */ = {isa = PBXFileReference; fileEncoding = 4; lastKnownFileType = sourcecode.c.c; path = gzlib.c; sourceTree = "<group>"; };
		655CF2F419459C9900505FFA /* gzread.c */ = {isa = PBXFileReference; fileEncoding = 4; lastKnownFileType = sourcecode.c.c; path = gzread.c; sourceTree = "<group>"; };
		655CF2F519459C9900505FFA /* gzwrite.c */ = {isa = PBXFileReference; fileEncoding = 4; lastKnownFileType = sourcecode.c.c; path = gzwrite.c; sourceTree = "<group>"; };
		655CF2F619459C9900505FFA /* infback.c */ = {isa = PBXFileReference; fileEncoding = 4; lastKnownFileType = sourcecode.c.c; path = infback.c; sourceTree = "<group>"; };
		655CF2F719459C9900505FFA /* inffast.c */ = {isa = PBXFileReference; fileEncoding = 4; lastKnownFileType = sourcecode.c.c; path = inffast.c; sourceTree = "<group>"; };
		655CF2F819459C9900505FFA /* inffast.h */ = {isa = PBXFileReference; fileEncoding = 4; lastKnownFileType = sourcecode.c.h; path = inffast.h; sourceTree = "<group>"; };
		655CF2F919459C9900505FFA /* inffixed.h */ = {isa = PBXFileReference; fileEncoding = 4; lastKnownFileType = sourcecode.c.h; path = inffixed.h; sourceTree = "<group>"; };
		655CF2FA19459C9900505FFA /* inflate.c */ = {isa = PBXFileReference; fileEncoding = 4; lastKnownFileType = sourcecode.c.c; path = inflate.c; sourceTree = "<group>"; };
		655CF2FB19459C9900505FFA /* inflate.h */ = {isa = PBXFileReference; fileEncoding = 4; lastKnownFileType = sourcecode.c.h; path = inflate.h; sourceTree = "<group>"; };
		655CF2FC19459C9900505FFA /* inftrees.c */ = {isa = PBXFileReference; fileEncoding = 4; lastKnownFileType = sourcecode.c.c; path = inftrees.c; sourceTree = "<group>"; };
		655CF2FD19459C9900505FFA /* inftrees.h */ = {isa = PBXFileReference; fileEncoding = 4; lastKnownFileType = sourcecode.c.h; path = inftrees.h; sourceTree = "<group>"; };
		655CF2FE19459C9900505FFA /* trees.c */ = {isa = PBXFileReference; fileEncoding = 4; lastKnownFileType = sourcecode.c.c; path = trees.c; sourceTree = "<group>"; };
		655CF2FF19459C9900505FFA /* trees.h */ = {isa = PBXFileReference; fileEncoding = 4; lastKnownFileType = sourcecode.c.h; path = trees.h; sourceTree = "<group>"; };
		655CF30019459C9900505FFA /* uncompr.c */ = {isa = PBXFileReference; fileEncoding = 4; lastKnownFileType = sourcecode.c.c; path = uncompr.c; sourceTree = "<group>"; };
		655CF30119459C9900505FFA /* zconf.h */ = {isa = PBXFileReference; fileEncoding = 4; lastKnownFileType = sourcecode.c.h; path = zconf.h; sourceTree = "<group>"; };
		655CF30219459C9900505FFA /* zlib.h */ = {isa = PBXFileReference; fileEncoding = 4; lastKnownFileType = sourcecode.c.h; path = zlib.h; sourceTree = "<group>"; };
		655CF30319459C9900505FFA /* zutil.c */ = {isa = PBXFileReference; fileEncoding = 4; lastKnownFileType = sourcecode.c.c; path = zutil.c; sourceTree = "<group>"; };
		655CF30419459C9900505FFA /* zutil.h */ = {isa = PBXFileReference; fileEncoding = 4; lastKnownFileType = sourcecode.c.h; path = zutil.h; sourceTree = "<group>"; };
		655CF32019459EE500505FFA /* BIEPubFontLib.h */ = {isa = PBXFileReference; lastKnownFileType = sourcecode.c.h; name = BIEPubFontLib.h; path = Classes/Library/BIEPubFontLib.h; sourceTree = "<group>"; };
		655CF3241945A24C00505FFA /* BIEPubFile.h */ = {isa = PBXFileReference; fileEncoding = 4; lastKnownFileType = sourcecode.c.h; name = BIEPubFile.h; path = Classes/Library/BIEPubFile.h; sourceTree = "<group>"; };
		655CF3251945A24C00505FFA /* BIEPubFile.m */ = {isa = PBXFileReference; fileEncoding = 4; lastKnownFileType = sourcecode.c.objc; name = BIEPubFile.m; path = Classes/Library/BIEPubFile.m; sourceTree = "<group>"; };
		655CF3271945A57C00505FFA /* BIFontSupportFile.h */ = {isa = PBXFileReference; fileEncoding = 4; lastKnownFileType = sourcecode.c.h; name = BIFontSupportFile.h; path = Classes/Library/BIFontSupportFile.h; sourceTree = "<group>"; };
		655CF3281945A57C00505FFA /* BIFontSupportFile.m */ = {isa = PBXFileReference; fileEncoding = 4; lastKnownFileType = sourcecode.c.objc; name = BIFontSupportFile.m; path = Classes/Library/BIFontSupportFile.m; sourceTree = "<group>"; };
		655CF32A1945AD1400505FFA /* BICSSFile.h */ = {isa = PBXFileReference; fileEncoding = 4; lastKnownFileType = sourcecode.c.h; name = BICSSFile.h; path = Classes/Library/BICSSFile.h; sourceTree = "<group>"; };
		655CF32B1945AD1400505FFA /* BICSSFile.m */ = {isa = PBXFileReference; fileEncoding = 4; lastKnownFileType = sourcecode.c.objc; name = BICSSFile.m; path = Classes/Library/BICSSFile.m; sourceTree = "<group>"; };
		655CF32D1945AE2B00505FFA /* BIFileHelpers.h */ = {isa = PBXFileReference; fileEncoding = 4; lastKnownFileType = sourcecode.c.h; name = BIFileHelpers.h; path = Classes/Library/BIFileHelpers.h; sourceTree = "<group>"; };
		655CF32E1945AE2B00505FFA /* BIFileHelpers.m */ = {isa = PBXFileReference; fileEncoding = 4; lastKnownFileType = sourcecode.c.objc; name = BIFileHelpers.m; path = Classes/Library/BIFileHelpers.m; sourceTree = "<group>"; };
/* End PBXFileReference section */

/* Begin PBXFrameworksBuildPhase section */
		655CF28E1945997100505FFA /* Frameworks */ = {
			isa = PBXFrameworksBuildPhase;
			buildActionMask = 2147483647;
			files = (
				655CF2971945997100505FFA /* CoreGraphics.framework in Frameworks */,
				655CF2991945997100505FFA /* UIKit.framework in Frameworks */,
				655CF2951945997100505FFA /* Foundation.framework in Frameworks */,
			);
			runOnlyForDeploymentPostprocessing = 0;
		};
		655CF2AF1945997100505FFA /* Frameworks */ = {
			isa = PBXFrameworksBuildPhase;
			buildActionMask = 2147483647;
			files = (
				655CF2B41945997100505FFA /* XCTest.framework in Frameworks */,
				655CF2B61945997100505FFA /* UIKit.framework in Frameworks */,
				655CF2B51945997100505FFA /* Foundation.framework in Frameworks */,
			);
			runOnlyForDeploymentPostprocessing = 0;
		};
/* End PBXFrameworksBuildPhase section */

/* Begin PBXGroup section */
		43D03C3F19461A7800B48F94 /* Files */ = {
			isa = PBXGroup;
			children = (
				43D03C4419461C4900B48F94 /* Cell */,
				43D03C4019461A8900B48F94 /* ViewController */,
			);
			name = Files;
			sourceTree = "<group>";
		};
		43D03C4019461A8900B48F94 /* ViewController */ = {
			isa = PBXGroup;
			children = (
				43D03C4119461AB700B48F94 /* BIFilesTableViewController.h */,
				43D03C4219461AB700B48F94 /* BIFilesTableViewController.m */,
			);
			name = ViewController;
			sourceTree = "<group>";
		};
		43D03C4419461C4900B48F94 /* Cell */ = {
			isa = PBXGroup;
			children = (
				43D03C4519461C6300B48F94 /* BIFilesTableViewCell.h */,
				43D03C4619461C6300B48F94 /* BIFilesTableViewCell.m */,
			);
			name = Cell;
			sourceTree = "<group>";
		};
		43D03C49194620AC00B48F94 /* FileContent */ = {
			isa = PBXGroup;
			children = (
				43D03C4B194620E400B48F94 /* VIew */,
				43D03C4A194620D900B48F94 /* ViewController */,
			);
			name = FileContent;
			sourceTree = "<group>";
		};
		43D03C4A194620D900B48F94 /* ViewController */ = {
			isa = PBXGroup;
			children = (
				43D03C4C1946210300B48F94 /* BIFileContentViewController.h */,
				43D03C4D1946210300B48F94 /* BIFileContentViewController.m */,
			);
			name = ViewController;
			sourceTree = "<group>";
		};
		43D03C4B194620E400B48F94 /* VIew */ = {
			isa = PBXGroup;
			children = (
				43D03C4F1946211A00B48F94 /* BIFileContentView.h */,
				43D03C501946211A00B48F94 /* BIFileContentView.m */,
			);
			name = VIew;
			sourceTree = "<group>";
		};
		43D03C521946264E00B48F94 /* Helpers */ = {
			isa = PBXGroup;
			children = (
				43D03C531946268400B48F94 /* Categories */,
			);
			name = Helpers;
			sourceTree = "<group>";
		};
		43D03C531946268400B48F94 /* Categories */ = {
			isa = PBXGroup;
			children = (
				43D03C601946401C00B48F94 /* NSArray */,
				43D03C5C19463CE800B48F94 /* NSString */,
				43D03C58194628AD00B48F94 /* NSBundle */,
			);
			name = Categories;
			sourceTree = "<group>";
		};
		43D03C58194628AD00B48F94 /* NSBundle */ = {
			isa = PBXGroup;
			children = (
				43D03C59194628D600B48F94 /* NSBundle+FullPath.h */,
				43D03C5A194628D600B48F94 /* NSBundle+FullPath.m */,
			);
			name = NSBundle;
			sourceTree = "<group>";
		};
		43D03C5C19463CE800B48F94 /* NSString */ = {
			isa = PBXGroup;
			children = (
				43D03C5D19463CFE00B48F94 /* NSString+CSSFile.h */,
				43D03C5E19463CFE00B48F94 /* NSString+CSSFile.m */,
			);
			name = NSString;
			sourceTree = "<group>";
		};
		43D03C601946401C00B48F94 /* NSArray */ = {
			isa = PBXGroup;
			children = (
				43D03C611946403000B48F94 /* NSArray+Search.h */,
				43D03C621946403000B48F94 /* NSArray+Search.m */,
			);
			name = NSArray;
			sourceTree = "<group>";
		};
		655CF2881945997100505FFA = {
			isa = PBXGroup;
			children = (
				655CF29A1945997100505FFA /* BIEPubFont */,
				655CF2B91945997100505FFA /* BIEPubFontTests */,
				655CF2931945997100505FFA /* Frameworks */,
				655CF2921945997100505FFA /* Products */,
			);
			sourceTree = "<group>";
		};
		655CF2921945997100505FFA /* Products */ = {
			isa = PBXGroup;
			children = (
				655CF2911945997100505FFA /* BIEPubFont.app */,
				655CF2B21945997100505FFA /* BIEPubFontTests.xctest */,
			);
			name = Products;
			sourceTree = "<group>";
		};
		655CF2931945997100505FFA /* Frameworks */ = {
			isa = PBXGroup;
			children = (
				655CF2941945997100505FFA /* Foundation.framework */,
				655CF2961945997100505FFA /* CoreGraphics.framework */,
				655CF2981945997100505FFA /* UIKit.framework */,
				655CF2B31945997100505FFA /* XCTest.framework */,
			);
			name = Frameworks;
			sourceTree = "<group>";
		};
		655CF29A1945997100505FFA /* BIEPubFont */ = {
			isa = PBXGroup;
			children = (
				655CF2CA19459A8900505FFA /* Classes */,
				655CF2C919459A5800505FFA /* Resources */,
				655CF2CB19459A9100505FFA /* Vendors */,
				655CF29B1945997100505FFA /* SupportingFiles */,
			);
			path = BIEPubFont;
			sourceTree = "<group>";
		};
		655CF29B1945997100505FFA /* SupportingFiles */ = {
			isa = PBXGroup;
			children = (
				655CF29C1945997100505FFA /* BIEPubFont-Info.plist */,
				655CF2A01945997100505FFA /* main.m */,
				655CF2A21945997100505FFA /* BIEPubFont-Prefix.pch */,
			);
			name = SupportingFiles;
			sourceTree = "<group>";
		};
		655CF2B91945997100505FFA /* BIEPubFontTests */ = {
			isa = PBXGroup;
			children = (
				655CF2BF1945997100505FFA /* BIEPubFontTests.m */,
				655CF2BA1945997100505FFA /* Supporting Files */,
			);
			path = BIEPubFontTests;
			sourceTree = "<group>";
		};
		655CF2BA1945997100505FFA /* Supporting Files */ = {
			isa = PBXGroup;
			children = (
				655CF2BB1945997100505FFA /* BIEPubFontTests-Info.plist */,
				655CF2BC1945997100505FFA /* InfoPlist.strings */,
			);
			name = "Supporting Files";
			sourceTree = "<group>";
		};
		655CF2C919459A5800505FFA /* Resources */ = {
			isa = PBXGroup;
			children = (
				43D03C6619464B6800B48F94 /* EPubs */,
				655CF2CD19459ACB00505FFA /* Localization */,
				655CF2CC19459ABC00505FFA /* Images */,
			);
			name = Resources;
			sourceTree = "<group>";
		};
		655CF2CA19459A8900505FFA /* Classes */ = {
			isa = PBXGroup;
			children = (
				43D03C521946264E00B48F94 /* Helpers */,
				655CF31F19459E3900505FFA /* Library */,
				655CF2CE19459B2200505FFA /* GUI */,
				655CF2A31945997100505FFA /* BIAppDelegate.h */,
				655CF2A41945997100505FFA /* BIAppDelegate.m */,
			);
			name = Classes;
			sourceTree = "<group>";
		};
		655CF2CB19459A9100505FFA /* Vendors */ = {
			isa = PBXGroup;
			children = (
				655CF2D419459C9900505FFA /* MiniZip */,
				655CF2DC19459C9900505FFA /* Objective-Zip */,
				655CF2EA19459C9900505FFA /* ZLib */,
			);
			name = Vendors;
			sourceTree = "<group>";
		};
		655CF2CC19459ABC00505FFA /* Images */ = {
			isa = PBXGroup;
			children = (
				655CF2AC1945997100505FFA /* Images.xcassets */,
			);
			name = Images;
			sourceTree = "<group>";
		};
		655CF2CD19459ACB00505FFA /* Localization */ = {
			isa = PBXGroup;
			children = (
				655CF29D1945997100505FFA /* InfoPlist.strings */,
			);
			name = Localization;
			sourceTree = "<group>";
		};
		655CF2CE19459B2200505FFA /* GUI */ = {
			isa = PBXGroup;
			children = (
				43D03C49194620AC00B48F94 /* FileContent */,
				43D03C3F19461A7800B48F94 /* Files */,
			);
			name = GUI;
			sourceTree = "<group>";
		};
		655CF2D419459C9900505FFA /* MiniZip */ = {
			isa = PBXGroup;
			children = (
				655CF2D519459C9900505FFA /* crypt.h */,
				655CF2D619459C9900505FFA /* ioapi.c */,
				655CF2D719459C9900505FFA /* ioapi.h */,
				655CF2D819459C9900505FFA /* unzip.c */,
				655CF2D919459C9900505FFA /* unzip.h */,
				655CF2DA19459C9900505FFA /* zip.c */,
				655CF2DB19459C9900505FFA /* zip.h */,
			);
			name = MiniZip;
			path = Vendors/MiniZip;
			sourceTree = "<group>";
		};
		655CF2DC19459C9900505FFA /* Objective-Zip */ = {
			isa = PBXGroup;
			children = (
				655CF2DD19459C9900505FFA /* NSError+ObjectiveZip.h */,
				655CF2DE19459C9900505FFA /* NSError+ObjectiveZip.m */,
				655CF2DF19459C9900505FFA /* OZConstants.h */,
				655CF2E019459C9900505FFA /* OZConstants.m */,
				655CF2E119459C9900505FFA /* OZFileInZipInfo.h */,
				655CF2E219459C9900505FFA /* OZFileInZipInfo.m */,
				655CF2E319459C9900505FFA /* OZLib.h */,
				655CF2E419459C9900505FFA /* OZZipFile.h */,
				655CF2E519459C9900505FFA /* OZZipFile.m */,
				655CF2E619459C9900505FFA /* OZZipReadStream.h */,
				655CF2E719459C9900505FFA /* OZZipReadStream.m */,
				655CF2E819459C9900505FFA /* OZZipWriteStream.h */,
				655CF2E919459C9900505FFA /* OZZipWriteStream.m */,
			);
			name = "Objective-Zip";
			path = "Vendors/Objective-Zip";
			sourceTree = "<group>";
		};
		655CF2EA19459C9900505FFA /* ZLib */ = {
			isa = PBXGroup;
			children = (
				655CF2EB19459C9900505FFA /* adler32.c */,
				655CF2EC19459C9900505FFA /* compress.c */,
				655CF2ED19459C9900505FFA /* crc32.c */,
				655CF2EE19459C9900505FFA /* crc32.h */,
				655CF2EF19459C9900505FFA /* deflate.c */,
				655CF2F019459C9900505FFA /* deflate.h */,
				655CF2F119459C9900505FFA /* gzclose.c */,
				655CF2F219459C9900505FFA /* gzguts.h */,
				655CF2F319459C9900505FFA /* gzlib.c */,
				655CF2F419459C9900505FFA /* gzread.c */,
				655CF2F519459C9900505FFA /* gzwrite.c */,
				655CF2F619459C9900505FFA /* infback.c */,
				655CF2F719459C9900505FFA /* inffast.c */,
				655CF2F819459C9900505FFA /* inffast.h */,
				655CF2F919459C9900505FFA /* inffixed.h */,
				655CF2FA19459C9900505FFA /* inflate.c */,
				655CF2FB19459C9900505FFA /* inflate.h */,
				655CF2FC19459C9900505FFA /* inftrees.c */,
				655CF2FD19459C9900505FFA /* inftrees.h */,
				655CF2FE19459C9900505FFA /* trees.c */,
				655CF2FF19459C9900505FFA /* trees.h */,
				655CF30019459C9900505FFA /* uncompr.c */,
				655CF30119459C9900505FFA /* zconf.h */,
				655CF30219459C9900505FFA /* zlib.h */,
				655CF30319459C9900505FFA /* zutil.c */,
				655CF30419459C9900505FFA /* zutil.h */,
			);
			name = ZLib;
			path = Vendors/ZLib;
			sourceTree = "<group>";
		};
		655CF31F19459E3900505FFA /* Library */ = {
			isa = PBXGroup;
			children = (
				655CF32019459EE500505FFA /* BIEPubFontLib.h */,
				655CF3241945A24C00505FFA /* BIEPubFile.h */,
				655CF3251945A24C00505FFA /* BIEPubFile.m */,
				655CF3271945A57C00505FFA /* BIFontSupportFile.h */,
				655CF3281945A57C00505FFA /* BIFontSupportFile.m */,
				655CF32A1945AD1400505FFA /* BICSSFile.h */,
				655CF32B1945AD1400505FFA /* BICSSFile.m */,
				655CF32D1945AE2B00505FFA /* BIFileHelpers.h */,
				655CF32E1945AE2B00505FFA /* BIFileHelpers.m */,
			);
			name = Library;
			sourceTree = "<group>";
		};
/* End PBXGroup section */

/* Begin PBXNativeTarget section */
		655CF2901945997100505FFA /* BIEPubFont */ = {
			isa = PBXNativeTarget;
			buildConfigurationList = 655CF2C31945997100505FFA /* Build configuration list for PBXNativeTarget "BIEPubFont" */;
			buildPhases = (
				655CF28D1945997100505FFA /* Sources */,
				655CF28E1945997100505FFA /* Frameworks */,
				655CF28F1945997100505FFA /* Resources */,
			);
			buildRules = (
			);
			dependencies = (
			);
			name = BIEPubFont;
			productName = BIEPubFont;
			productReference = 655CF2911945997100505FFA /* BIEPubFont.app */;
			productType = "com.apple.product-type.application";
		};
		655CF2B11945997100505FFA /* BIEPubFontTests */ = {
			isa = PBXNativeTarget;
			buildConfigurationList = 655CF2C61945997100505FFA /* Build configuration list for PBXNativeTarget "BIEPubFontTests" */;
			buildPhases = (
				655CF2AE1945997100505FFA /* Sources */,
				655CF2AF1945997100505FFA /* Frameworks */,
				655CF2B01945997100505FFA /* Resources */,
			);
			buildRules = (
			);
			dependencies = (
				655CF2B81945997100505FFA /* PBXTargetDependency */,
			);
			name = BIEPubFontTests;
			productName = BIEPubFontTests;
			productReference = 655CF2B21945997100505FFA /* BIEPubFontTests.xctest */;
			productType = "com.apple.product-type.bundle.unit-test";
		};
/* End PBXNativeTarget section */

/* Begin PBXProject section */
		655CF2891945997100505FFA /* Project object */ = {
			isa = PBXProject;
			attributes = {
				CLASSPREFIX = BI;
				LastUpgradeCheck = 0510;
				ORGANIZATIONNAME = Grigaci;
				TargetAttributes = {
					655CF2B11945997100505FFA = {
						TestTargetID = 655CF2901945997100505FFA;
					};
				};
			};
			buildConfigurationList = 655CF28C1945997100505FFA /* Build configuration list for PBXProject "BIEPubFont" */;
			compatibilityVersion = "Xcode 3.2";
			developmentRegion = English;
			hasScannedForEncodings = 0;
			knownRegions = (
				en,
				Base,
			);
			mainGroup = 655CF2881945997100505FFA;
			productRefGroup = 655CF2921945997100505FFA /* Products */;
			projectDirPath = "";
			projectRoot = "";
			targets = (
				655CF2901945997100505FFA /* BIEPubFont */,
				655CF2B11945997100505FFA /* BIEPubFontTests */,
			);
		};
/* End PBXProject section */

/* Begin PBXResourcesBuildPhase section */
		655CF28F1945997100505FFA /* Resources */ = {
			isa = PBXResourcesBuildPhase;
			buildActionMask = 2147483647;
			files = (
				43D03C6719464B6800B48F94 /* EPubs in Resources */,
				655CF2AD1945997100505FFA /* Images.xcassets in Resources */,
				655CF29F1945997100505FFA /* InfoPlist.strings in Resources */,
			);
			runOnlyForDeploymentPostprocessing = 0;
		};
		655CF2B01945997100505FFA /* Resources */ = {
			isa = PBXResourcesBuildPhase;
			buildActionMask = 2147483647;
			files = (
				655CF2BE1945997100505FFA /* InfoPlist.strings in Resources */,
			);
			runOnlyForDeploymentPostprocessing = 0;
		};
/* End PBXResourcesBuildPhase section */

/* Begin PBXSourcesBuildPhase section */
		655CF28D1945997100505FFA /* Sources */ = {
			isa = PBXSourcesBuildPhase;
			buildActionMask = 2147483647;
			files = (
				655CF31C19459C9900505FFA /* zutil.c in Sources */,
				655CF31319459C9900505FFA /* gzlib.c in Sources */,
				655CF3261945A24C00505FFA /* BIEPubFile.m in Sources */,
				43D03C631946403000B48F94 /* NSArray+Search.m in Sources */,
				655CF31819459C9900505FFA /* inflate.c in Sources */,
				43D03C4E1946210300B48F94 /* BIFileContentViewController.m in Sources */,
				655CF32F1945AE2B00505FFA /* BIFileHelpers.m in Sources */,
				655CF31B19459C9900505FFA /* uncompr.c in Sources */,
				655CF31919459C9900505FFA /* inftrees.c in Sources */,
				655CF31619459C9900505FFA /* infback.c in Sources */,
				655CF30819459C9900505FFA /* NSError+ObjectiveZip.m in Sources */,
				655CF30619459C9900505FFA /* unzip.c in Sources */,
				655CF31419459C9900505FFA /* gzread.c in Sources */,
				655CF3291945A57C00505FFA /* BIFontSupportFile.m in Sources */,
				43D03C4319461AB700B48F94 /* BIFilesTableViewController.m in Sources */,
				655CF31019459C9900505FFA /* crc32.c in Sources */,
				43D03C511946211A00B48F94 /* BIFileContentView.m in Sources */,
				655CF30A19459C9900505FFA /* OZFileInZipInfo.m in Sources */,
				655CF31219459C9900505FFA /* gzclose.c in Sources */,
				655CF31719459C9900505FFA /* inffast.c in Sources */,
				655CF30E19459C9900505FFA /* adler32.c in Sources */,
				43D03C4719461C6300B48F94 /* BIFilesTableViewCell.m in Sources */,
				655CF30D19459C9900505FFA /* OZZipWriteStream.m in Sources */,
				43D03C5B194628D600B48F94 /* NSBundle+FullPath.m in Sources */,
				43D03C5F19463CFE00B48F94 /* NSString+CSSFile.m in Sources */,
				655CF2A11945997100505FFA /* main.m in Sources */,
				655CF30719459C9900505FFA /* zip.c in Sources */,
				655CF32C1945AD1400505FFA /* BICSSFile.m in Sources */,
				655CF30B19459C9900505FFA /* OZZipFile.m in Sources */,
				655CF30C19459C9900505FFA /* OZZipReadStream.m in Sources */,
				655CF31519459C9900505FFA /* gzwrite.c in Sources */,
				655CF30519459C9900505FFA /* ioapi.c in Sources */,
				655CF30919459C9900505FFA /* OZConstants.m in Sources */,
				655CF2A51945997100505FFA /* BIAppDelegate.m in Sources */,
				655CF30F19459C9900505FFA /* compress.c in Sources */,
				655CF31A19459C9900505FFA /* trees.c in Sources */,
				655CF31119459C9900505FFA /* deflate.c in Sources */,
			);
			runOnlyForDeploymentPostprocessing = 0;
		};
		655CF2AE1945997100505FFA /* Sources */ = {
			isa = PBXSourcesBuildPhase;
			buildActionMask = 2147483647;
			files = (
				655CF2C01945997100505FFA /* BIEPubFontTests.m in Sources */,
			);
			runOnlyForDeploymentPostprocessing = 0;
		};
/* End PBXSourcesBuildPhase section */

/* Begin PBXTargetDependency section */
		655CF2B81945997100505FFA /* PBXTargetDependency */ = {
			isa = PBXTargetDependency;
			target = 655CF2901945997100505FFA /* BIEPubFont */;
			targetProxy = 655CF2B71945997100505FFA /* PBXContainerItemProxy */;
		};
/* End PBXTargetDependency section */

/* Begin PBXVariantGroup section */
		655CF29D1945997100505FFA /* InfoPlist.strings */ = {
			isa = PBXVariantGroup;
			children = (
				655CF29E1945997100505FFA /* en */,
			);
			name = InfoPlist.strings;
			path = Resources/Localization;
			sourceTree = "<group>";
		};
		655CF2BC1945997100505FFA /* InfoPlist.strings */ = {
			isa = PBXVariantGroup;
			children = (
				655CF2BD1945997100505FFA /* en */,
			);
			name = InfoPlist.strings;
			sourceTree = "<group>";
		};
/* End PBXVariantGroup section */

/* Begin XCBuildConfiguration section */
		655CF2C11945997100505FFA /* Debug */ = {
			isa = XCBuildConfiguration;
			buildSettings = {
				ALWAYS_SEARCH_USER_PATHS = NO;
				CLANG_CXX_LANGUAGE_STANDARD = "gnu++0x";
				CLANG_CXX_LIBRARY = "libc++";
				CLANG_ENABLE_MODULES = YES;
				CLANG_ENABLE_OBJC_ARC = YES;
				CLANG_WARN_BOOL_CONVERSION = YES;
				CLANG_WARN_CONSTANT_CONVERSION = YES;
				CLANG_WARN_DIRECT_OBJC_ISA_USAGE = YES_ERROR;
				CLANG_WARN_EMPTY_BODY = YES;
				CLANG_WARN_ENUM_CONVERSION = YES;
				CLANG_WARN_INT_CONVERSION = YES;
				CLANG_WARN_OBJC_ROOT_CLASS = YES_ERROR;
				CLANG_WARN__DUPLICATE_METHOD_MATCH = YES;
				"CODE_SIGN_IDENTITY[sdk=iphoneos*]" = "iPhone Developer";
				COPY_PHASE_STRIP = NO;
				GCC_C_LANGUAGE_STANDARD = gnu99;
				GCC_DYNAMIC_NO_PIC = NO;
				GCC_OPTIMIZATION_LEVEL = 0;
				GCC_PREPROCESSOR_DEFINITIONS = (
					"DEBUG=1",
					"$(inherited)",
				);
				GCC_SYMBOLS_PRIVATE_EXTERN = NO;
				GCC_WARN_64_TO_32_BIT_CONVERSION = YES;
				GCC_WARN_ABOUT_RETURN_TYPE = YES_ERROR;
				GCC_WARN_UNDECLARED_SELECTOR = YES;
				GCC_WARN_UNINITIALIZED_AUTOS = YES_AGGRESSIVE;
				GCC_WARN_UNUSED_FUNCTION = YES;
				GCC_WARN_UNUSED_VARIABLE = YES;
				IPHONEOS_DEPLOYMENT_TARGET = 7.1;
				ONLY_ACTIVE_ARCH = YES;
				SDKROOT = iphoneos;
			};
			name = Debug;
		};
		655CF2C21945997100505FFA /* Release */ = {
			isa = XCBuildConfiguration;
			buildSettings = {
				ALWAYS_SEARCH_USER_PATHS = NO;
				CLANG_CXX_LANGUAGE_STANDARD = "gnu++0x";
				CLANG_CXX_LIBRARY = "libc++";
				CLANG_ENABLE_MODULES = YES;
				CLANG_ENABLE_OBJC_ARC = YES;
				CLANG_WARN_BOOL_CONVERSION = YES;
				CLANG_WARN_CONSTANT_CONVERSION = YES;
				CLANG_WARN_DIRECT_OBJC_ISA_USAGE = YES_ERROR;
				CLANG_WARN_EMPTY_BODY = YES;
				CLANG_WARN_ENUM_CONVERSION = YES;
				CLANG_WARN_INT_CONVERSION = YES;
				CLANG_WARN_OBJC_ROOT_CLASS = YES_ERROR;
				CLANG_WARN__DUPLICATE_METHOD_MATCH = YES;
				"CODE_SIGN_IDENTITY[sdk=iphoneos*]" = "iPhone Developer";
				COPY_PHASE_STRIP = YES;
				ENABLE_NS_ASSERTIONS = NO;
				GCC_C_LANGUAGE_STANDARD = gnu99;
				GCC_WARN_64_TO_32_BIT_CONVERSION = YES;
				GCC_WARN_ABOUT_RETURN_TYPE = YES_ERROR;
				GCC_WARN_UNDECLARED_SELECTOR = YES;
				GCC_WARN_UNINITIALIZED_AUTOS = YES_AGGRESSIVE;
				GCC_WARN_UNUSED_FUNCTION = YES;
				GCC_WARN_UNUSED_VARIABLE = YES;
				IPHONEOS_DEPLOYMENT_TARGET = 7.1;
				SDKROOT = iphoneos;
				VALIDATE_PRODUCT = YES;
			};
			name = Release;
		};
		655CF2C41945997100505FFA /* Debug */ = {
			isa = XCBuildConfiguration;
			buildSettings = {
				ASSETCATALOG_COMPILER_APPICON_NAME = AppIcon;
				ASSETCATALOG_COMPILER_LAUNCHIMAGE_NAME = LaunchImage;
				GCC_PRECOMPILE_PREFIX_HEADER = YES;
				GCC_PREFIX_HEADER = "BIEPubFont/SupportingFiles/BIEPubFont-Prefix.pch";
				INFOPLIST_FILE = "BIEPubFont/SupportingFiles/BIEPubFont-Info.plist";
				PRODUCT_NAME = "$(TARGET_NAME)";
				WRAPPER_EXTENSION = app;
			};
			name = Debug;
		};
		655CF2C51945997100505FFA /* Release */ = {
			isa = XCBuildConfiguration;
			buildSettings = {
				ASSETCATALOG_COMPILER_APPICON_NAME = AppIcon;
				ASSETCATALOG_COMPILER_LAUNCHIMAGE_NAME = LaunchImage;
				GCC_PRECOMPILE_PREFIX_HEADER = YES;
				GCC_PREFIX_HEADER = "BIEPubFont/SupportingFiles/BIEPubFont-Prefix.pch";
				INFOPLIST_FILE = "BIEPubFont/SupportingFiles/BIEPubFont-Info.plist";
				PRODUCT_NAME = "$(TARGET_NAME)";
				WRAPPER_EXTENSION = app;
			};
			name = Release;
		};
		655CF2C71945997100505FFA /* Debug */ = {
			isa = XCBuildConfiguration;
			buildSettings = {
				BUNDLE_LOADER = "$(BUILT_PRODUCTS_DIR)/BIEPubFont.app/BIEPubFont";
				FRAMEWORK_SEARCH_PATHS = (
					"$(SDKROOT)/Developer/Library/Frameworks",
					"$(inherited)",
					"$(DEVELOPER_FRAMEWORKS_DIR)",
				);
				GCC_PRECOMPILE_PREFIX_HEADER = YES;
				GCC_PREFIX_HEADER = "BIEPubFont/BIEPubFont-Prefix.pch";
				GCC_PREPROCESSOR_DEFINITIONS = (
					"DEBUG=1",
					"$(inherited)",
				);
				INFOPLIST_FILE = "BIEPubFontTests/BIEPubFontTests-Info.plist";
				PRODUCT_NAME = "$(TARGET_NAME)";
				TEST_HOST = "$(BUNDLE_LOADER)";
				WRAPPER_EXTENSION = xctest;
			};
			name = Debug;
		};
		655CF2C81945997100505FFA /* Release */ = {
			isa = XCBuildConfiguration;
			buildSettings = {
				BUNDLE_LOADER = "$(BUILT_PRODUCTS_DIR)/BIEPubFont.app/BIEPubFont";
				FRAMEWORK_SEARCH_PATHS = (
					"$(SDKROOT)/Developer/Library/Frameworks",
					"$(inherited)",
					"$(DEVELOPER_FRAMEWORKS_DIR)",
				);
				GCC_PRECOMPILE_PREFIX_HEADER = YES;
				GCC_PREFIX_HEADER = "BIEPubFont/BIEPubFont-Prefix.pch";
				INFOPLIST_FILE = "BIEPubFontTests/BIEPubFontTests-Info.plist";
				PRODUCT_NAME = "$(TARGET_NAME)";
				TEST_HOST = "$(BUNDLE_LOADER)";
				WRAPPER_EXTENSION = xctest;
			};
			name = Release;
		};
/* End XCBuildConfiguration section */

/* Begin XCConfigurationList section */
		655CF28C1945997100505FFA /* Build configuration list for PBXProject "BIEPubFont" */ = {
			isa = XCConfigurationList;
			buildConfigurations = (
				655CF2C11945997100505FFA /* Debug */,
				655CF2C21945997100505FFA /* Release */,
			);
			defaultConfigurationIsVisible = 0;
			defaultConfigurationName = Release;
		};
		655CF2C31945997100505FFA /* Build configuration list for PBXNativeTarget "BIEPubFont" */ = {
			isa = XCConfigurationList;
			buildConfigurations = (
				655CF2C41945997100505FFA /* Debug */,
				655CF2C51945997100505FFA /* Release */,
			);
			defaultConfigurationIsVisible = 0;
			defaultConfigurationName = Release;
		};
		655CF2C61945997100505FFA /* Build configuration list for PBXNativeTarget "BIEPubFontTests" */ = {
			isa = XCConfigurationList;
			buildConfigurations = (
				655CF2C71945997100505FFA /* Debug */,
				655CF2C81945997100505FFA /* Release */,
			);
			defaultConfigurationIsVisible = 0;
			defaultConfigurationName = Release;
		};
/* End XCConfigurationList section */
	};
	rootObject = 655CF2891945997100505FFA /* Project object */;
}
